
Microsoft Visual Studio Solution File, Format Version 12.00
# Visual Studio Version 16
VisualStudioVersion = 16.0.29728.190
MinimumVisualStudioVersion = 10.0.40219.1
Project("{FAE04EC0-301F-11D3-BF4B-00C04F79EFBC}") = "Dog", "Dog\Dog.csproj", "{C09600C5-7922-4FD5-BD1A-CEDB1081AF3F}"
EndProject
Global
	GlobalSection(SolutionConfigurationPlatforms) = preSolution
		Debug|Any CPU = Debug|Any CPU
		Release|Any CPU = Release|Any CPU
	EndGlobalSection
	GlobalSection(ProjectConfigurationPlatforms) = postSolution
		{C09600C5-7922-4FD5-BD1A-CEDB1081AF3F}.Debug|Any CPU.ActiveCfg = Debug|Any CPU
		{C09600C5-7922-4FD5-BD1A-CEDB1081AF3F}.Debug|Any CPU.Build.0 = Debug|Any CPU
		{C09600C5-7922-4FD5-BD1A-CEDB1081AF3F}.Release|Any CPU.ActiveCfg = Release|Any CPU
		{C09600C5-7922-4FD5-BD1A-CEDB1081AF3F}.Release|Any CPU.Build.0 = Release|Any CPU
	EndGlobalSection
	GlobalSection(SolutionProperties) = preSolution
		HideSolutionNode = FALSE
	EndGlobalSection
	GlobalSection(ExtensibilityGlobals) = postSolution
		SolutionGuid = {50CDB744-3A3C-40FE-A4DF-FE0E9E806185}
	EndGlobalSection
EndGlobal
